
Microsoft Visual Studio Solution File, Format Version 12.00
# Visual Studio Version 17
VisualStudioVersion = 17.7.34024.191
MinimumVisualStudioVersion = 10.0.40219.1
Project("{FAE04EC0-301F-11D3-BF4B-00C04F79EFBC}") = "uppgift 6.6", "uppgift 6.6\uppgift 6.6.csproj", "{996B4985-D4FC-404C-ABD4-C716EB4557A8}"
EndProject
Global
	GlobalSection(SolutionConfigurationPlatforms) = preSolution
		Debug|Any CPU = Debug|Any CPU
		Release|Any CPU = Release|Any CPU
	EndGlobalSection
	GlobalSection(ProjectConfigurationPlatforms) = postSolution
		{996B4985-D4FC-404C-ABD4-C716EB4557A8}.Debug|Any CPU.ActiveCfg = Debug|Any CPU
		{996B4985-D4FC-404C-ABD4-C716EB4557A8}.Debug|Any CPU.Build.0 = Debug|Any CPU
		{996B4985-D4FC-404C-ABD4-C716EB4557A8}.Release|Any CPU.ActiveCfg = Release|Any CPU
		{996B4985-D4FC-404C-ABD4-C716EB4557A8}.Release|Any CPU.Build.0 = Release|Any CPU
	EndGlobalSection
	GlobalSection(SolutionProperties) = preSolution
		HideSolutionNode = FALSE
	EndGlobalSection
	GlobalSection(ExtensibilityGlobals) = postSolution
		SolutionGuid = {6C40D17D-9059-4143-8926-D29D644363FA}
	EndGlobalSection
EndGlobal
